
Microsoft Visual Studio Solution File, Format Version 12.00
# Visual Studio Version 16
VisualStudioVersion = 16.0.29009.5
MinimumVisualStudioVersion = 10.0.40219.1
Project("{9A19103F-16F7-4668-BE54-9A1E7A4F7556}") = "PropositionalSyntaxChecker", "LogicPoint.PropositionalSyntax\PropositionalSyntaxChecker.csproj", "{E69AB441-A73C-43B4-892E-459E9951F9BC}"
EndProject
Project("{9A19103F-16F7-4668-BE54-9A1E7A4F7556}") = "Exerciser", "Exerciser\Exerciser.csproj", "{B438511E-390C-43F5-83BE-7920832A7FDA}"
EndProject
Project("{FAE04EC0-301F-11D3-BF4B-00C04F79EFBC}") = "LogicPoint.WebAPI", "LogicPoint.WebAPI\LogicPoint.WebAPI.csproj", "{D4BF8529-4236-4B70-9186-2FC45F0FED5B}"
EndProject
Global
	GlobalSection(SolutionConfigurationPlatforms) = preSolution
		Debug|Any CPU = Debug|Any CPU
		Release|Any CPU = Release|Any CPU
	EndGlobalSection
	GlobalSection(ProjectConfigurationPlatforms) = postSolution
		{E69AB441-A73C-43B4-892E-459E9951F9BC}.Debug|Any CPU.ActiveCfg = Debug|Any CPU
		{E69AB441-A73C-43B4-892E-459E9951F9BC}.Debug|Any CPU.Build.0 = Debug|Any CPU
		{E69AB441-A73C-43B4-892E-459E9951F9BC}.Release|Any CPU.ActiveCfg = Release|Any CPU
		{E69AB441-A73C-43B4-892E-459E9951F9BC}.Release|Any CPU.Build.0 = Release|Any CPU
		{B438511E-390C-43F5-83BE-7920832A7FDA}.Debug|Any CPU.ActiveCfg = Debug|Any CPU
		{B438511E-390C-43F5-83BE-7920832A7FDA}.Debug|Any CPU.Build.0 = Debug|Any CPU
		{B438511E-390C-43F5-83BE-7920832A7FDA}.Release|Any CPU.ActiveCfg = Release|Any CPU
		{B438511E-390C-43F5-83BE-7920832A7FDA}.Release|Any CPU.Build.0 = Release|Any CPU
		{D4BF8529-4236-4B70-9186-2FC45F0FED5B}.Debug|Any CPU.ActiveCfg = Debug|Any CPU
		{D4BF8529-4236-4B70-9186-2FC45F0FED5B}.Debug|Any CPU.Build.0 = Debug|Any CPU
		{D4BF8529-4236-4B70-9186-2FC45F0FED5B}.Release|Any CPU.ActiveCfg = Release|Any CPU
		{D4BF8529-4236-4B70-9186-2FC45F0FED5B}.Release|Any CPU.Build.0 = Release|Any CPU
	EndGlobalSection
	GlobalSection(SolutionProperties) = preSolution
		HideSolutionNode = FALSE
	EndGlobalSection
	GlobalSection(ExtensibilityGlobals) = postSolution
		SolutionGuid = {F44B0F74-F2F4-472D-8464-E76493FE9FA5}
	EndGlobalSection
EndGlobal
